
Microsoft Visual Studio Solution File, Format Version 12.00
# Visual Studio 15
VisualStudioVersion = 15.0.28010.2036
MinimumVisualStudioVersion = 10.0.40219.1
Project("{FAE04EC0-301F-11D3-BF4B-00C04F79EFBC}") = "Academic", "Academic\Academic.csproj", "{3867759C-FCC0-40CB-97E1-5ABF9E6A39AF}"
EndProject
Global
	GlobalSection(SolutionConfigurationPlatforms) = preSolution
		Debug|Any CPU = Debug|Any CPU
		Release|Any CPU = Release|Any CPU
	EndGlobalSection
	GlobalSection(ProjectConfigurationPlatforms) = postSolution
		{3867759C-FCC0-40CB-97E1-5ABF9E6A39AF}.Debug|Any CPU.ActiveCfg = Debug|Any CPU
		{3867759C-FCC0-40CB-97E1-5ABF9E6A39AF}.Debug|Any CPU.Build.0 = Debug|Any CPU
		{3867759C-FCC0-40CB-97E1-5ABF9E6A39AF}.Release|Any CPU.ActiveCfg = Release|Any CPU
		{3867759C-FCC0-40CB-97E1-5ABF9E6A39AF}.Release|Any CPU.Build.0 = Release|Any CPU
	EndGlobalSection
	GlobalSection(SolutionProperties) = preSolution
		HideSolutionNode = FALSE
	EndGlobalSection
	GlobalSection(ExtensibilityGlobals) = postSolution
		SolutionGuid = {90C64C7D-D7F7-4FAF-BBED-C434CBA89C4C}
	EndGlobalSection
EndGlobal
